{
  "name": "ScamDetectorV1.0",
  "lockfileVersion": 2,
  "requires": true,
  "packages": {
    "": {
      "dependencies": {
        "@fontsource/iceberg": "^4.5.7"
      }
    },
    "node_modules/@fontsource/iceberg": {
      "version": "4.5.7",
      "resolved": "https://registry.npmjs.org/@fontsource/iceberg/-/iceberg-4.5.7.tgz",
      "integrity": "sha512-BKVCUZRskMSBIefp/7SjX5S00e64+Al2SPJxkvL7pRH718X8USwjVf4nDFeXi2QnuA36cIHE4W4AWolTME3iFg=="
    }
  },
  "dependencies": {
    "@fontsource/iceberg": {
      "version": "4.5.7",
      "resolved": "https://registry.npmjs.org/@fontsource/iceberg/-/iceberg-4.5.7.tgz",
      "integrity": "sha512-BKVCUZRskMSBIefp/7SjX5S00e64+Al2SPJxkvL7pRH718X8USwjVf4nDFeXi2QnuA36cIHE4W4AWolTME3iFg=="
    }
  }
}
